<?xml version="1.0" encoding="utf-8"?>
<Project ToolsVersion="4.0" xmlns="http://schemas.microsoft.com/developer/msbuild/2003">
  <ItemGroup>
    <ClInclude Include="GpuSuperpixel.h">
      <Filter>Cuda</Filter>
    </ClInclude>
    <ClInclude Include="PictureHandler.h">
      <Filter>头文件</Filter>
    </ClInclude>
    <ClInclude Include="SLIC.h">
      <Filter>头文件</Filter>
    </ClInclude>
    <ClInclude Include="GpuTimer.h">
      <Filter>头文件</Filter>
    </ClInclude>
    <ClInclude Include="ComSuperpixel.h">
      <Filter>头文件</Filter>
    </ClInclude>
    <ClInclude Include="timer.h">
      <Filter>头文件</Filter>
    </ClInclude>
    <ClInclude Include="block.h">
      <Filter>头文件</Filter>
    </ClInclude>
    <ClInclude Include="energy.h">
      <Filter>头文件</Filter>
    </ClInclude>
    <ClInclude Include="GCoptimization.h">
      <Filter>头文件</Filter>
    </ClInclude>
    <ClInclude Include="graph.h">
      <Filter>头文件</Filter>
    </ClInclude>
    <ClInclude Include="LinkedBlockList.h">
      <Filter>头文件</Filter>
    </ClInclude>
    <ClInclude Include="MRFOptimize.h">
      <Filter>头文件</Filter>
    </ClInclude>
    <ClInclude Include="GpuBackgroundSubtractor.h">
      <Filter>头文件</Filter>
    </ClInclude>
    <ClInclude Include="RandUtils.h">
      <Filter>头文件</Filter>
    </ClInclude>
    <ClInclude Include="DistanceUtils.h">
      <Filter>头文件</Filter>
    </ClInclude>
    <ClInclude Include="SubSenseBSProcessor.h">
      <Filter>头文件</Filter>
    </ClInclude>
    <ClInclude Include="videoprocessor.h">
      <Filter>头文件</Filter>
    </ClInclude>
    <ClInclude Include="CudaBSOperator.h">
      <Filter>Cuda</Filter>
    </ClInclude>
    <ClInclude Include="CudaSuperpixel.h">
      <Filter>Cuda</Filter>
    </ClInclude>
    <ClInclude Include="LBSP.h">
      <Filter>头文件</Filter>
    </ClInclude>
    <ClInclude Include="MotionEstimate.h">
      <Filter>头文件</Filter>
    </ClInclude>
    <ClInclude Include="MeanShift.h">
      <Filter>头文件</Filter>
    </ClInclude>
    <ClInclude Include="Test.h">
      <Filter>头文件</Filter>
    </ClInclude>
    <ClInclude Include="flowIO.h">
      <Filter>头文件</Filter>
    </ClInclude>
    <ClInclude Include="ASAPWarping.h">
      <Filter>头文件</Filter>
    </ClInclude>
    <ClInclude Include="SparseSolver.h">
      <Filter>头文件</Filter>
    </ClInclude>
    <ClInclude Include="FlowComputer.h">
      <Filter>头文件</Filter>
    </ClInclude>
    <ClInclude Include="FeaturePointRefine.h">
      <Filter>头文件</Filter>
    </ClInclude>
    <ClInclude Include="SuperpixelComputer.h">
      <Filter>头文件</Filter>
    </ClInclude>
    <ClInclude Include="Common.h">
      <Filter>头文件</Filter>
    </ClInclude>
    <ClInclude Include="WarpBackgroundSubtractor.h">
      <Filter>头文件</Filter>
    </ClInclude>
    <ClInclude Include="FGMaskPostProcess.h">
      <Filter>头文件</Filter>
    </ClInclude>
  </ItemGroup>
  <ItemGroup>
    <CudaCompile Include="CudaSuperpixel.cu">
      <Filter>Cuda</Filter>
    </CudaCompile>
    <CudaCompile Include="kernel.cu">
      <Filter>Cuda</Filter>
    </CudaCompile>
    <CudaCompile Include="CudaBSOperator.cu">
      <Filter>Cuda</Filter>
    </CudaCompile>
  </ItemGroup>
  <ItemGroup>
    <Filter Include="Cuda">
      <UniqueIdentifier>{267f348e-8bcb-4258-a27b-aa0ae1c25522}</UniqueIdentifier>
    </Filter>
    <Filter Include="头文件">
      <UniqueIdentifier>{d2bfdca8-b7fd-45be-b97c-3fb477cc412e}</UniqueIdentifier>
    </Filter>
    <Filter Include="源文件">
      <UniqueIdentifier>{9da2b47e-1a84-4b3c-a2e8-320da75a0ef5}</UniqueIdentifier>
    </Filter>
  </ItemGroup>
  <ItemGroup>
    <ClCompile Include="GpuSuperpixel.cpp">
      <Filter>Cuda</Filter>
    </ClCompile>
    <ClCompile Include="ComSuperpixel.cpp">
      <Filter>源文件</Filter>
    </ClCompile>
    <ClCompile Include="SLIC.cpp">
      <Filter>源文件</Filter>
    </ClCompile>
    <ClCompile Include="PictureHandler.cpp">
      <Filter>源文件</Filter>
    </ClCompile>
    <ClCompile Include="timer.cpp">
      <Filter>源文件</Filter>
    </ClCompile>
    <ClCompile Include="graph.cpp">
      <Filter>源文件</Filter>
    </ClCompile>
    <ClCompile Include="LinkedBlockList.cpp">
      <Filter>源文件</Filter>
    </ClCompile>
    <ClCompile Include="maxflow.cpp">
      <Filter>源文件</Filter>
    </ClCompile>
    <ClCompile Include="MRFOptimize.cpp">
      <Filter>源文件</Filter>
    </ClCompile>
    <ClCompile Include="GpuBackgroundSubtrator.cpp">
      <Filter>源文件</Filter>
    </ClCompile>
    <ClCompile Include="main.cpp">
      <Filter>源文件</Filter>
    </ClCompile>
    <ClCompile Include="GCoptimization.cpp">
      <Filter>源文件</Filter>
    </ClCompile>
    <ClCompile Include="MotionEstimate.cpp">
      <Filter>源文件</Filter>
    </ClCompile>
    <ClCompile Include="MeanShift.cpp">
      <Filter>源文件</Filter>
    </ClCompile>
    <ClCompile Include="Test.cpp">
      <Filter>源文件</Filter>
    </ClCompile>
    <ClCompile Include="flowIO.cpp">
      <Filter>源文件</Filter>
    </ClCompile>
    <ClCompile Include="ASAPWarping.cpp">
      <Filter>源文件</Filter>
    </ClCompile>
    <ClCompile Include="SparseSolver.cpp">
      <Filter>源文件</Filter>
    </ClCompile>
    <ClCompile Include="LBSP.cpp">
      <Filter>源文件</Filter>
    </ClCompile>
    <ClCompile Include="FlowComputer.cpp">
      <Filter>源文件</Filter>
    </ClCompile>
    <ClCompile Include="FeaturePointRefine.cpp">
      <Filter>源文件</Filter>
    </ClCompile>
    <ClCompile Include="SuperpixelComputer.cpp">
      <Filter>源文件</Filter>
    </ClCompile>
    <ClCompile Include="WarpBackgroundSubtractor.cpp">
      <Filter>源文件</Filter>
    </ClCompile>
  </ItemGroup>
</Project>